
Microsoft Visual Studio Solution File, Format Version 12.00
# Visual Studio Version 16
VisualStudioVersion = 16.0.28803.156
MinimumVisualStudioVersion = 10.0.40219.1
Project("{9A19103F-16F7-4668-BE54-9A1E7A4F7556}") = "Stienen.Rabbit.Core", "..\shared\RabbitMq\Stienen.Rabbit.Core.csproj", "{B3F76DB8-9280-4133-A007-1CC0F4C495AE}"
EndProject
Project("{9A19103F-16F7-4668-BE54-9A1E7A4F7556}") = "Stienen.Common", "..\shared\Common\Common\Stienen.Common.csproj", "{F99217EA-3A06-4D8C-885F-2D1F4179E330}"
EndProject
Project("{9A19103F-16F7-4668-BE54-9A1E7A4F7556}") = "Stienen.API", "Stienen.API\Stienen.API.csproj", "{C31A0755-5C7B-4888-8B8A-9B75DCE2FBE8}"
EndProject
Project("{9A19103F-16F7-4668-BE54-9A1E7A4F7556}") = "Stienen.Data.Postgres", "Stienen.Data.Postgres\Stienen.Data.Postgres.csproj", "{490912B1-671A-45AA-8BBF-EA0F306AEA89}"
EndProject
Project("{FAE04EC0-301F-11D3-BF4B-00C04F79EFBC}") = "Stienen.Rabbit.Consumer", "Stienen.Rabbit.Consumer\Stienen.Rabbit.Consumer.csproj", "{26D39FF1-1745-4C9B-8183-66E13BFC1BFB}"
EndProject
Project("{9A19103F-16F7-4668-BE54-9A1E7A4F7556}") = "Stienen.Data.Core", "Stienen.Data.Core\Stienen.Data.Core.csproj", "{81A72ECA-206A-445F-8632-4EC0118F1A4B}"
EndProject
Project("{9A19103F-16F7-4668-BE54-9A1E7A4F7556}") = "Stienen.Data.Core.Tests", "Stienen.Data.Core.Tests\Stienen.Data.Core.Tests.csproj", "{D64A1AE2-BA21-4821-9078-5E257C39A802}"
EndProject
Project("{FAE04EC0-301F-11D3-BF4B-00C04F79EFBC}") = "Stienen.Rabbit.Core.Tests", "Stienen.Rabbit.Core.Tests\Stienen.Rabbit.Core.Tests.csproj", "{973189F7-D63C-4527-AC0F-D62D8C6022BF}"
EndProject
Global
	GlobalSection(SolutionConfigurationPlatforms) = preSolution
		Debug|Any CPU = Debug|Any CPU
		Release|Any CPU = Release|Any CPU
	EndGlobalSection
	GlobalSection(ProjectConfigurationPlatforms) = postSolution
		{B3F76DB8-9280-4133-A007-1CC0F4C495AE}.Debug|Any CPU.ActiveCfg = Debug|Any CPU
		{B3F76DB8-9280-4133-A007-1CC0F4C495AE}.Debug|Any CPU.Build.0 = Debug|Any CPU
		{B3F76DB8-9280-4133-A007-1CC0F4C495AE}.Release|Any CPU.ActiveCfg = Release|Any CPU
		{F99217EA-3A06-4D8C-885F-2D1F4179E330}.Debug|Any CPU.ActiveCfg = Debug|Any CPU
		{F99217EA-3A06-4D8C-885F-2D1F4179E330}.Debug|Any CPU.Build.0 = Debug|Any CPU
		{F99217EA-3A06-4D8C-885F-2D1F4179E330}.Release|Any CPU.ActiveCfg = Release|Any CPU
		{F99217EA-3A06-4D8C-885F-2D1F4179E330}.Release|Any CPU.Build.0 = Release|Any CPU
		{C31A0755-5C7B-4888-8B8A-9B75DCE2FBE8}.Debug|Any CPU.ActiveCfg = Debug|Any CPU
		{C31A0755-5C7B-4888-8B8A-9B75DCE2FBE8}.Debug|Any CPU.Build.0 = Debug|Any CPU
		{C31A0755-5C7B-4888-8B8A-9B75DCE2FBE8}.Release|Any CPU.ActiveCfg = Release|Any CPU
		{C31A0755-5C7B-4888-8B8A-9B75DCE2FBE8}.Release|Any CPU.Build.0 = Release|Any CPU
		{490912B1-671A-45AA-8BBF-EA0F306AEA89}.Debug|Any CPU.ActiveCfg = Debug|Any CPU
		{490912B1-671A-45AA-8BBF-EA0F306AEA89}.Debug|Any CPU.Build.0 = Debug|Any CPU
		{490912B1-671A-45AA-8BBF-EA0F306AEA89}.Release|Any CPU.ActiveCfg = Release|Any CPU
		{490912B1-671A-45AA-8BBF-EA0F306AEA89}.Release|Any CPU.Build.0 = Release|Any CPU
		{26D39FF1-1745-4C9B-8183-66E13BFC1BFB}.Debug|Any CPU.ActiveCfg = Debug|Any CPU
		{26D39FF1-1745-4C9B-8183-66E13BFC1BFB}.Debug|Any CPU.Build.0 = Debug|Any CPU
		{26D39FF1-1745-4C9B-8183-66E13BFC1BFB}.Release|Any CPU.ActiveCfg = Release|Any CPU
		{81A72ECA-206A-445F-8632-4EC0118F1A4B}.Debug|Any CPU.ActiveCfg = Debug|Any CPU
		{81A72ECA-206A-445F-8632-4EC0118F1A4B}.Debug|Any CPU.Build.0 = Debug|Any CPU
		{81A72ECA-206A-445F-8632-4EC0118F1A4B}.Release|Any CPU.ActiveCfg = Release|Any CPU
		{81A72ECA-206A-445F-8632-4EC0118F1A4B}.Release|Any CPU.Build.0 = Release|Any CPU
		{D64A1AE2-BA21-4821-9078-5E257C39A802}.Debug|Any CPU.ActiveCfg = Debug|Any CPU
		{D64A1AE2-BA21-4821-9078-5E257C39A802}.Debug|Any CPU.Build.0 = Debug|Any CPU
		{D64A1AE2-BA21-4821-9078-5E257C39A802}.Release|Any CPU.ActiveCfg = Release|Any CPU
		{973189F7-D63C-4527-AC0F-D62D8C6022BF}.Debug|Any CPU.ActiveCfg = Debug|Any CPU
		{973189F7-D63C-4527-AC0F-D62D8C6022BF}.Debug|Any CPU.Build.0 = Debug|Any CPU
		{973189F7-D63C-4527-AC0F-D62D8C6022BF}.Release|Any CPU.ActiveCfg = Release|Any CPU
		{973189F7-D63C-4527-AC0F-D62D8C6022BF}.Release|Any CPU.Build.0 = Release|Any CPU
	EndGlobalSection
	GlobalSection(SolutionProperties) = preSolution
		HideSolutionNode = FALSE
	EndGlobalSection
	GlobalSection(ExtensibilityGlobals) = postSolution
		SolutionGuid = {0CB0D893-5D81-4A38-A4CA-9A000A190278}
	EndGlobalSection
EndGlobal
