
Microsoft Visual Studio Solution File, Format Version 12.00
# Visual Studio Version 16
VisualStudioVersion = 16.0.28803.156
MinimumVisualStudioVersion = 10.0.40219.1
Project("{9A19103F-16F7-4668-BE54-9A1E7A4F7556}") = "StienenAPI", "fc_backend\StienenAPI.csproj", "{243D2155-5323-4A09-BFB4-FA9B31037CEC}"
EndProject
Project("{FAE04EC0-301F-11D3-BF4B-00C04F79EFBC}") = "RabbitConsumer", "RabbitConsumer\RabbitConsumer.csproj", "{26D39FF1-1745-4C9B-8183-66E13BFC1BFB}"
EndProject
Project("{9A19103F-16F7-4668-BE54-9A1E7A4F7556}") = "Data.Postgres", "Data.Postgres\Data.Postgres.csproj", "{F1F0392E-F0F8-4651-9C23-78152CF0615E}"
EndProject
Project("{9A19103F-16F7-4668-BE54-9A1E7A4F7556}") = "RabbitMq", "..\shared\RabbitMq\RabbitMq.csproj", "{B3F76DB8-9280-4133-A007-1CC0F4C495AE}"
EndProject
Project("{9A19103F-16F7-4668-BE54-9A1E7A4F7556}") = "Common", "..\shared\Common\Common\Common.csproj", "{F99217EA-3A06-4D8C-885F-2D1F4179E330}"
EndProject
Global
	GlobalSection(SolutionConfigurationPlatforms) = preSolution
		Debug|Any CPU = Debug|Any CPU
		Release|Any CPU = Release|Any CPU
	EndGlobalSection
	GlobalSection(ProjectConfigurationPlatforms) = postSolution
		{243D2155-5323-4A09-BFB4-FA9B31037CEC}.Debug|Any CPU.ActiveCfg = Debug|Any CPU
		{243D2155-5323-4A09-BFB4-FA9B31037CEC}.Debug|Any CPU.Build.0 = Debug|Any CPU
		{243D2155-5323-4A09-BFB4-FA9B31037CEC}.Release|Any CPU.ActiveCfg = Release|Any CPU
		{243D2155-5323-4A09-BFB4-FA9B31037CEC}.Release|Any CPU.Build.0 = Release|Any CPU
		{26D39FF1-1745-4C9B-8183-66E13BFC1BFB}.Debug|Any CPU.ActiveCfg = Debug|Any CPU
		{26D39FF1-1745-4C9B-8183-66E13BFC1BFB}.Debug|Any CPU.Build.0 = Debug|Any CPU
		{26D39FF1-1745-4C9B-8183-66E13BFC1BFB}.Release|Any CPU.ActiveCfg = Release|Any CPU
		{26D39FF1-1745-4C9B-8183-66E13BFC1BFB}.Release|Any CPU.Build.0 = Release|Any CPU
		{F1F0392E-F0F8-4651-9C23-78152CF0615E}.Debug|Any CPU.ActiveCfg = Debug|Any CPU
		{F1F0392E-F0F8-4651-9C23-78152CF0615E}.Debug|Any CPU.Build.0 = Debug|Any CPU
		{F1F0392E-F0F8-4651-9C23-78152CF0615E}.Release|Any CPU.ActiveCfg = Release|Any CPU
		{F1F0392E-F0F8-4651-9C23-78152CF0615E}.Release|Any CPU.Build.0 = Release|Any CPU
		{B3F76DB8-9280-4133-A007-1CC0F4C495AE}.Debug|Any CPU.ActiveCfg = Debug|Any CPU
		{B3F76DB8-9280-4133-A007-1CC0F4C495AE}.Debug|Any CPU.Build.0 = Debug|Any CPU
		{B3F76DB8-9280-4133-A007-1CC0F4C495AE}.Release|Any CPU.ActiveCfg = Release|Any CPU
		{B3F76DB8-9280-4133-A007-1CC0F4C495AE}.Release|Any CPU.Build.0 = Release|Any CPU
		{F99217EA-3A06-4D8C-885F-2D1F4179E330}.Debug|Any CPU.ActiveCfg = Debug|Any CPU
		{F99217EA-3A06-4D8C-885F-2D1F4179E330}.Debug|Any CPU.Build.0 = Debug|Any CPU
		{F99217EA-3A06-4D8C-885F-2D1F4179E330}.Release|Any CPU.ActiveCfg = Release|Any CPU
		{F99217EA-3A06-4D8C-885F-2D1F4179E330}.Release|Any CPU.Build.0 = Release|Any CPU
	EndGlobalSection
	GlobalSection(SolutionProperties) = preSolution
		HideSolutionNode = FALSE
	EndGlobalSection
	GlobalSection(ExtensibilityGlobals) = postSolution
		SolutionGuid = {0CB0D893-5D81-4A38-A4CA-9A000A190278}
	EndGlobalSection
EndGlobal
